// !$*UTF8*$!
{
	archiveVersion = 1;
	classes = {
	};
	objectVersion = 46;
	objects = {

/* Begin PBXBuildFile section */
		464F534B1D494EC800A54E20 /* AppDelegate.swift in Sources */ = {isa = PBXBuildFile; fileRef = 464F534A1D494EC800A54E20 /* AppDelegate.swift */; };
		464F534D1D494EC800A54E20 /* ViewController.swift in Sources */ = {isa = PBXBuildFile; fileRef = 464F534C1D494EC800A54E20 /* ViewController.swift */; };
		464F53501D494EC800A54E20 /* Main.storyboard in Resources */ = {isa = PBXBuildFile; fileRef = 464F534E1D494EC800A54E20 /* Main.storyboard */; };
		464F53521D494EC800A54E20 /* Assets.xcassets in Resources */ = {isa = PBXBuildFile; fileRef = 464F53511D494EC800A54E20 /* Assets.xcassets */; };
		464F53551D494EC800A54E20 /* LaunchScreen.storyboard in Resources */ = {isa = PBXBuildFile; fileRef = 464F53531D494EC800A54E20 /* LaunchScreen.storyboard */; };
/* End PBXBuildFile section */

/* Begin PBXFileReference section */
		464F53471D494EC800A54E20 /* GlobaLocal.app */ = {isa = PBXFileReference; explicitFileType = wrapper.application; includeInIndex = 0; path = GlobaLocal.app; sourceTree = BUILT_PRODUCTS_DIR; };
		464F534A1D494EC800A54E20 /* AppDelegate.swift */ = {isa = PBXFileReference; lastKnownFileType = sourcecode.swift; path = AppDelegate.swift; sourceTree = "<group>"; };
		464F534C1D494EC800A54E20 /* ViewController.swift */ = {isa = PBXFileReference; lastKnownFileType = sourcecode.swift; path = ViewController.swift; sourceTree = "<group>"; };
		464F534F1D494EC800A54E20 /* Base */ = {isa = PBXFileReference; lastKnownFileType = file.storyboard; name = Base; path = Base.lproj/Main.storyboard; sourceTree = "<group>"; };
		464F53511D494EC800A54E20 /* Assets.xcassets */ = {isa = PBXFileReference; lastKnownFileType = folder.assetcatalog; path = Assets.xcassets; sourceTree = "<group>"; };
		464F53541D494EC800A54E20 /* Base */ = {isa = PBXFileReference; lastKnownFileType = file.storyboard; name = Base; path = Base.lproj/LaunchScreen.storyboard; sourceTree = "<group>"; };
		464F53561D494EC800A54E20 /* Info.plist */ = {isa = PBXFileReference; lastKnownFileType = text.plist.xml; path = Info.plist; sourceTree = "<group>"; };
/* End PBXFileReference section */

/* Begin PBXFrameworksBuildPhase section */
		464F53441D494EC800A54E20 /* Frameworks */ = {
			isa = PBXFrameworksBuildPhase;
			buildActionMask = 2147483647;
			files = (
			);
			runOnlyForDeploymentPostprocessing = 0;
		};
/* End PBXFrameworksBuildPhase section */

/* Begin PBXGroup section */
		464F533E1D494EC800A54E20 = {
			isa = PBXGroup;
			children = (
				464F53491D494EC800A54E20 /* GlobaLocal */,
				464F53481D494EC800A54E20 /* Products */,
			);
			sourceTree = "<group>";
		};
		464F53481D494EC800A54E20 /* Products */ = {
			isa = PBXGroup;
			children = (
				464F53471D494EC800A54E20 /* GlobaLocal.app */,
			);
			name = Products;
			sourceTree = "<group>";
		};
		464F53491D494EC800A54E20 /* GlobaLocal */ = {
			isa = PBXGroup;
			children = (
				464F534A1D494EC800A54E20 /* AppDelegate.swift */,
				464F534C1D494EC800A54E20 /* ViewController.swift */,
				464F534E1D494EC800A54E20 /* Main.storyboard */,
				464F53511D494EC800A54E20 /* Assets.xcassets */,
				464F53531D494EC800A54E20 /* LaunchScreen.storyboard */,
				464F53561D494EC800A54E20 /* Info.plist */,
			);
			path = GlobaLocal;
			sourceTree = "<group>";
		};
/* End PBXGroup section */

/* Begin PBXNativeTarget section */
		464F53461D494EC800A54E20 /* GlobaLocal */ = {
			isa = PBXNativeTarget;
			buildConfigurationList = 464F53591D494EC800A54E20 /* Build configuration list for PBXNativeTarget "GlobaLocal" */;
			buildPhases = (
				464F53431D494EC800A54E20 /* Sources */,
				464F53441D494EC800A54E20 /* Frameworks */,
				464F53451D494EC800A54E20 /* Resources */,
			);
			buildRules = (
			);
			dependencies = (
			);
			name = GlobaLocal;
			productName = GlobaLocal;
			productReference = 464F53471D494EC800A54E20 /* GlobaLocal.app */;
			productType = "com.apple.product-type.application";
		};
/* End PBXNativeTarget section */

/* Begin PBXProject section */
		464F533F1D494EC800A54E20 /* Project object */ = {
			isa = PBXProject;
			attributes = {
				LastSwiftUpdateCheck = 0730;
				LastUpgradeCheck = 0730;
				ORGANIZATIONNAME = "Spencer Curtis";
				TargetAttributes = {
					464F53461D494EC800A54E20 = {
						CreatedOnToolsVersion = 7.3.1;
					};
				};
			};
			buildConfigurationList = 464F53421D494EC800A54E20 /* Build configuration list for PBXProject "GlobaLocal" */;
			compatibilityVersion = "Xcode 3.2";
			developmentRegion = English;
			hasScannedForEncodings = 0;
			knownRegions = (
				en,
				Base,
			);
			mainGroup = 464F533E1D494EC800A54E20;
			productRefGroup = 464F53481D494EC800A54E20 /* Products */;
			projectDirPath = "";
			projectRoot = "";
			targets = (
				464F53461D494EC800A54E20 /* GlobaLocal */,
			);
		};
/* End PBXProject section */

/* Begin PBXResourcesBuildPhase section */
		464F53451D494EC800A54E20 /* Resources */ = {
			isa = PBXResourcesBuildPhase;
			buildActionMask = 2147483647;
			files = (
				464F53551D494EC800A54E20 /* LaunchScreen.storyboard in Resources */,
				464F53521D494EC800A54E20 /* Assets.xcassets in Resources */,
				464F53501D494EC800A54E20 /* Main.storyboard in Resources */,
			);
			runOnlyForDeploymentPostprocessing = 0;
		};
/* End PBXResourcesBuildPhase section */

/* Begin PBXSourcesBuildPhase section */
		464F53431D494EC800A54E20 /* Sources */ = {
			isa = PBXSourcesBuildPhase;
			buildActionMask = 2147483647;
			files = (
				464F534D1D494EC800A54E20 /* ViewController.swift in Sources */,
				464F534B1D494EC800A54E20 /* AppDelegate.swift in Sources */,
			);
			runOnlyForDeploymentPostprocessing = 0;
		};
/* End PBXSourcesBuildPhase section */

/* Begin PBXVariantGroup section */
		464F534E1D494EC800A54E20 /* Main.storyboard */ = {
			isa = PBXVariantGroup;
			children = (
				464F534F1D494EC800A54E20 /* Base */,
			);
			name = Main.storyboard;
			sourceTree = "<group>";
		};
		464F53531D494EC800A54E20 /* LaunchScreen.storyboard */ = {
			isa = PBXVariantGroup;
			children = (
				464F53541D494EC800A54E20 /* Base */,
			);
			name = LaunchScreen.storyboard;
			sourceTree = "<group>";
		};
/* End PBXVariantGroup section */

/* Begin XCBuildConfiguration section */
		464F53571D494EC800A54E20 /* Debug */ = {
			isa = XCBuildConfiguration;
			buildSettings = {
				ALWAYS_SEARCH_USER_PATHS = NO;
				CLANG_ANALYZER_NONNULL = YES;
				CLANG_CXX_LANGUAGE_STANDARD = "gnu++0x";
				CLANG_CXX_LIBRARY = "libc++";
				CLANG_ENABLE_MODULES = YES;
				CLANG_ENABLE_OBJC_ARC = YES;
				CLANG_WARN_BOOL_CONVERSION = YES;
				CLANG_WARN_CONSTANT_CONVERSION = YES;
				CLANG_WARN_DIRECT_OBJC_ISA_USAGE = YES_ERROR;
				CLANG_WARN_EMPTY_BODY = YES;
				CLANG_WARN_ENUM_CONVERSION = YES;
				CLANG_WARN_INT_CONVERSION = YES;
				CLANG_WARN_OBJC_ROOT_CLASS = YES_ERROR;
				CLANG_WARN_UNREACHABLE_CODE = YES;
				CLANG_WARN__DUPLICATE_METHOD_MATCH = YES;
				"CODE_SIGN_IDENTITY[sdk=iphoneos*]" = "iPhone Developer";
				COPY_PHASE_STRIP = NO;
				DEBUG_INFORMATION_FORMAT = dwarf;
				ENABLE_STRICT_OBJC_MSGSEND = YES;
				ENABLE_TESTABILITY = YES;
				GCC_C_LANGUAGE_STANDARD = gnu99;
				GCC_DYNAMIC_NO_PIC = NO;
				GCC_NO_COMMON_BLOCKS = YES;
				GCC_OPTIMIZATION_LEVEL = 0;
				GCC_PREPROCESSOR_DEFINITIONS = (
					"DEBUG=1",
					"$(inherited)",
				);
				GCC_WARN_64_TO_32_BIT_CONVERSION = YES;
				GCC_WARN_ABOUT_RETURN_TYPE = YES_ERROR;
				GCC_WARN_UNDECLARED_SELECTOR = YES;
				GCC_WARN_UNINITIALIZED_AUTOS = YES_AGGRESSIVE;
				GCC_WARN_UNUSED_FUNCTION = YES;
				GCC_WARN_UNUSED_VARIABLE = YES;
				IPHONEOS_DEPLOYMENT_TARGET = 9.3;
				MTL_ENABLE_DEBUG_INFO = YES;
				ONLY_ACTIVE_ARCH = YES;
				SDKROOT = iphoneos;
				SWIFT_OPTIMIZATION_LEVEL = "-Onone";
				TARGETED_DEVICE_FAMILY = "1,2";
			};
			name = Debug;
		};
		464F53581D494EC800A54E20 /* Release */ = {
			isa = XCBuildConfiguration;
			buildSettings = {
				ALWAYS_SEARCH_USER_PATHS = NO;
				CLANG_ANALYZER_NONNULL = YES;
				CLANG_CXX_LANGUAGE_STANDARD = "gnu++0x";
				CLANG_CXX_LIBRARY = "libc++";
				CLANG_ENABLE_MODULES = YES;
				CLANG_ENABLE_OBJC_ARC = YES;
				CLANG_WARN_BOOL_CONVERSION = YES;
				CLANG_WARN_CONSTANT_CONVERSION = YES;
				CLANG_WARN_DIRECT_OBJC_ISA_USAGE = YES_ERROR;
				CLANG_WARN_EMPTY_BODY = YES;
				CLANG_WARN_ENUM_CONVERSION = YES;
				CLANG_WARN_INT_CONVERSION = YES;
				CLANG_WARN_OBJC_ROOT_CLASS = YES_ERROR;
				CLANG_WARN_UNREACHABLE_CODE = YES;
				CLANG_WARN__DUPLICATE_METHOD_MATCH = YES;
				"CODE_SIGN_IDENTITY[sdk=iphoneos*]" = "iPhone Developer";
				COPY_PHASE_STRIP = NO;
				DEBUG_INFORMATION_FORMAT = "dwarf-with-dsym";
				ENABLE_NS_ASSERTIONS = NO;
				ENABLE_STRICT_OBJC_MSGSEND = YES;
				GCC_C_LANGUAGE_STANDARD = gnu99;
				GCC_NO_COMMON_BLOCKS = YES;
				GCC_WARN_64_TO_32_BIT_CONVERSION = YES;
				GCC_WARN_ABOUT_RETURN_TYPE = YES_ERROR;
				GCC_WARN_UNDECLARED_SELECTOR = YES;
				GCC_WARN_UNINITIALIZED_AUTOS = YES_AGGRESSIVE;
				GCC_WARN_UNUSED_FUNCTION = YES;
				GCC_WARN_UNUSED_VARIABLE = YES;
				IPHONEOS_DEPLOYMENT_TARGET = 9.3;
				MTL_ENABLE_DEBUG_INFO = NO;
				SDKROOT = iphoneos;
				TARGETED_DEVICE_FAMILY = "1,2";
				VALIDATE_PRODUCT = YES;
			};
			name = Release;
		};
		464F535A1D494EC800A54E20 /* Debug */ = {
			isa = XCBuildConfiguration;
			buildSettings = {
				ASSETCATALOG_COMPILER_APPICON_NAME = AppIcon;
				INFOPLIST_FILE = GlobaLocal/Info.plist;
				LD_RUNPATH_SEARCH_PATHS = "$(inherited) @executable_path/Frameworks";
				PRODUCT_BUNDLE_IDENTIFIER = com.SpencerCurtis.GlobaLocal;
				PRODUCT_NAME = "$(TARGET_NAME)";
			};
			name = Debug;
		};
		464F535B1D494EC800A54E20 /* Release */ = {
			isa = XCBuildConfiguration;
			buildSettings = {
				ASSETCATALOG_COMPILER_APPICON_NAME = AppIcon;
				INFOPLIST_FILE = GlobaLocal/Info.plist;
				LD_RUNPATH_SEARCH_PATHS = "$(inherited) @executable_path/Frameworks";
				PRODUCT_BUNDLE_IDENTIFIER = com.SpencerCurtis.GlobaLocal;
				PRODUCT_NAME = "$(TARGET_NAME)";
			};
			name = Release;
		};
/* End XCBuildConfiguration section */

/* Begin XCConfigurationList section */
		464F53421D494EC800A54E20 /* Build configuration list for PBXProject "GlobaLocal" */ = {
			isa = XCConfigurationList;
			buildConfigurations = (
				464F53571D494EC800A54E20 /* Debug */,
				464F53581D494EC800A54E20 /* Release */,
			);
			defaultConfigurationIsVisible = 0;
			defaultConfigurationName = Release;
		};
		464F53591D494EC800A54E20 /* Build configuration list for PBXNativeTarget "GlobaLocal" */ = {
			isa = XCConfigurationList;
			buildConfigurations = (
				464F535A1D494EC800A54E20 /* Debug */,
				464F535B1D494EC800A54E20 /* Release */,
			);
			defaultConfigurationIsVisible = 0;
		};
/* End XCConfigurationList section */
	};
	rootObject = 464F533F1D494EC800A54E20 /* Project object */;
}
